// !$*UTF8*$!
{
	archiveVersion = 1;
	classes = {
	};
	objectVersion = 70;
	objects = {

/* Begin PBXBuildFile section */
		F1043FAD2D3D8EF000B96617 /* AppDelegate.swift in Sources */ = {isa = PBXBuildFile; fileRef = F1043FAC2D3D8EF000B96617 /* AppDelegate.swift */; };
		F1043FAF2D3D8EF000B96617 /* SceneDelegate.swift in Sources */ = {isa = PBXBuildFile; fileRef = F1043FAE2D3D8EF000B96617 /* SceneDelegate.swift */; };
		F1043FB12D3D8EF000B96617 /* ViewController.swift in Sources */ = {isa = PBXBuildFile; fileRef = F1043FB02D3D8EF000B96617 /* ViewController.swift */; };
		F1043FB42D3D8EF000B96617 /* Base in Resources */ = {isa = PBXBuildFile; fileRef = F1043FB32D3D8EF000B96617 /* Base */; };
		F1043FB62D3D8EF200B96617 /* Assets.xcassets in Resources */ = {isa = PBXBuildFile; fileRef = F1043FB52D3D8EF200B96617 /* Assets.xcassets */; };
		F1043FB92D3D8EF200B96617 /* Base in Resources */ = {isa = PBXBuildFile; fileRef = F1043FB82D3D8EF200B96617 /* Base */; };
		F17BD2142DFAC9D800F2F0AC /* frameworkOne.framework in Frameworks */ = {isa = PBXBuildFile; fileRef = F17BD2112DFAC95A00F2F0AC /* frameworkOne.framework */; };
		F17BD2152DFAC9D800F2F0AC /* frameworkOne.framework in Embed Frameworks */ = {isa = PBXBuildFile; fileRef = F17BD2112DFAC95A00F2F0AC /* frameworkOne.framework */; settings = {ATTRIBUTES = (RemoveHeadersOnCopy, ); }; };
/* End PBXBuildFile section */

/* Begin PBXContainerItemProxy section */
		F17BD2102DFAC95A00F2F0AC /* PBXContainerItemProxy */ = {
			isa = PBXContainerItemProxy;
			containerPortal = F17BD20C2DFAC95A00F2F0AC /* frameworkOne.xcodeproj */;
			proxyType = 2;
			remoteGlobalIDString = F17BD2012DFAC95900F2F0AC;
			remoteInfo = frameworkOne;
		};
		F1B4BD822DFC4D5100826FC6 /* PBXContainerItemProxy */ = {
			isa = PBXContainerItemProxy;
			containerPortal = F1043FA12D3D8EF000B96617 /* Project object */;
			proxyType = 1;
			remoteGlobalIDString = F1043FA82D3D8EF000B96617;
			remoteInfo = MutipleFrameworkApp;
		};
/* End PBXContainerItemProxy section */

/* Begin PBXCopyFilesBuildPhase section */
		F1E08E6D2DE0B52600F670EF /* Embed Frameworks */ = {
			isa = PBXCopyFilesBuildPhase;
			buildActionMask = 2147483647;
			dstPath = "";
			dstSubfolderSpec = 10;
			files = (
				F17BD2152DFAC9D800F2F0AC /* frameworkOne.framework in Embed Frameworks */,
			);
			name = "Embed Frameworks";
			runOnlyForDeploymentPostprocessing = 0;
		};
/* End PBXCopyFilesBuildPhase section */

/* Begin PBXFileReference section */
		F1043FA92D3D8EF000B96617 /* MutipleFrameworkApp.app */ = {isa = PBXFileReference; explicitFileType = wrapper.application; includeInIndex = 0; path = MutipleFrameworkApp.app; sourceTree = BUILT_PRODUCTS_DIR; };
		F1043FAC2D3D8EF000B96617 /* AppDelegate.swift */ = {isa = PBXFileReference; lastKnownFileType = sourcecode.swift; path = AppDelegate.swift; sourceTree = "<group>"; };
		F1043FAE2D3D8EF000B96617 /* SceneDelegate.swift */ = {isa = PBXFileReference; lastKnownFileType = sourcecode.swift; path = SceneDelegate.swift; sourceTree = "<group>"; };
		F1043FB02D3D8EF000B96617 /* ViewController.swift */ = {isa = PBXFileReference; lastKnownFileType = sourcecode.swift; path = ViewController.swift; sourceTree = "<group>"; };
		F1043FB32D3D8EF000B96617 /* Base */ = {isa = PBXFileReference; lastKnownFileType = file.storyboard; name = Base; path = Base.lproj/Main.storyboard; sourceTree = "<group>"; };
		F1043FB52D3D8EF200B96617 /* Assets.xcassets */ = {isa = PBXFileReference; lastKnownFileType = folder.assetcatalog; path = Assets.xcassets; sourceTree = "<group>"; };
		F1043FB82D3D8EF200B96617 /* Base */ = {isa = PBXFileReference; lastKnownFileType = file.storyboard; name = Base; path = Base.lproj/LaunchScreen.storyboard; sourceTree = "<group>"; };
		F1043FBA2D3D8EF200B96617 /* Info.plist */ = {isa = PBXFileReference; lastKnownFileType = text.plist.xml; path = Info.plist; sourceTree = "<group>"; };
		F17BD20C2DFAC95A00F2F0AC /* frameworkOne.xcodeproj */ = {isa = PBXFileReference; lastKnownFileType = "wrapper.pb-project"; name = frameworkOne.xcodeproj; path = frameworkOne/frameworkOne.xcodeproj; sourceTree = "<group>"; };
		F1B4BD7E2DFC4D5100826FC6 /* MutipleFrameworkAppTests.xctest */ = {isa = PBXFileReference; explicitFileType = wrapper.cfbundle; includeInIndex = 0; path = MutipleFrameworkAppTests.xctest; sourceTree = BUILT_PRODUCTS_DIR; };
/* End PBXFileReference section */

/* Begin PBXFileSystemSynchronizedRootGroup section */
		F1B4BD7F2DFC4D5100826FC6 /* MutipleFrameworkAppTests */ = {isa = PBXFileSystemSynchronizedRootGroup; explicitFileTypes = {}; explicitFolders = (); path = MutipleFrameworkAppTests; sourceTree = "<group>"; };
/* End PBXFileSystemSynchronizedRootGroup section */

/* Begin PBXFrameworksBuildPhase section */
		F1043FA62D3D8EF000B96617 /* Frameworks */ = {
			isa = PBXFrameworksBuildPhase;
			buildActionMask = 2147483647;
			files = (
				F17BD2142DFAC9D800F2F0AC /* frameworkOne.framework in Frameworks */,
			);
			runOnlyForDeploymentPostprocessing = 0;
		};
		F1B4BD7B2DFC4D5100826FC6 /* Frameworks */ = {
			isa = PBXFrameworksBuildPhase;
			buildActionMask = 2147483647;
			files = (
			);
			runOnlyForDeploymentPostprocessing = 0;
		};
/* End PBXFrameworksBuildPhase section */

/* Begin PBXGroup section */
		F1043FA02D3D8EF000B96617 = {
			isa = PBXGroup;
			children = (
				F1043FAB2D3D8EF000B96617 /* MutipleFrameworkApp */,
				F1B4BD7F2DFC4D5100826FC6 /* MutipleFrameworkAppTests */,
				F1043FAA2D3D8EF000B96617 /* Products */,
				F10440D82D3D93F800B96617 /* Frameworks */,
			);
			sourceTree = "<group>";
		};
		F1043FAA2D3D8EF000B96617 /* Products */ = {
			isa = PBXGroup;
			children = (
				F1043FA92D3D8EF000B96617 /* MutipleFrameworkApp.app */,
				F1B4BD7E2DFC4D5100826FC6 /* MutipleFrameworkAppTests.xctest */,
			);
			name = Products;
			sourceTree = "<group>";
		};
		F1043FAB2D3D8EF000B96617 /* MutipleFrameworkApp */ = {
			isa = PBXGroup;
			children = (
				F10440772D3D90B200B96617 /* Modules */,
				F1043FAC2D3D8EF000B96617 /* AppDelegate.swift */,
				F1043FAE2D3D8EF000B96617 /* SceneDelegate.swift */,
				F1043FB02D3D8EF000B96617 /* ViewController.swift */,
				F1043FB22D3D8EF000B96617 /* Main.storyboard */,
				F1043FB52D3D8EF200B96617 /* Assets.xcassets */,
				F1043FB72D3D8EF200B96617 /* LaunchScreen.storyboard */,
				F1043FBA2D3D8EF200B96617 /* Info.plist */,
			);
			path = MutipleFrameworkApp;
			sourceTree = "<group>";
		};
		F10440772D3D90B200B96617 /* Modules */ = {
			isa = PBXGroup;
			children = (
				F17BD20C2DFAC95A00F2F0AC /* frameworkOne.xcodeproj */,
			);
			path = Modules;
			sourceTree = "<group>";
		};
		F10440D82D3D93F800B96617 /* Frameworks */ = {
			isa = PBXGroup;
			children = (
			);
			name = Frameworks;
			sourceTree = "<group>";
		};
		F17BD20D2DFAC95A00F2F0AC /* Products */ = {
			isa = PBXGroup;
			children = (
				F17BD2112DFAC95A00F2F0AC /* frameworkOne.framework */,
			);
			name = Products;
			sourceTree = "<group>";
		};
/* End PBXGroup section */

/* Begin PBXNativeTarget section */
		F1043FA82D3D8EF000B96617 /* MutipleFrameworkApp */ = {
			isa = PBXNativeTarget;
			buildConfigurationList = F1043FBD2D3D8EF200B96617 /* Build configuration list for PBXNativeTarget "MutipleFrameworkApp" */;
			buildPhases = (
				F1043FA52D3D8EF000B96617 /* Sources */,
				F1043FA62D3D8EF000B96617 /* Frameworks */,
				F1043FA72D3D8EF000B96617 /* Resources */,
				F1E08E6D2DE0B52600F670EF /* Embed Frameworks */,
			);
			buildRules = (
			);
			dependencies = (
			);
			name = MutipleFrameworkApp;
			productName = MutipleFrameworkApp;
			productReference = F1043FA92D3D8EF000B96617 /* MutipleFrameworkApp.app */;
			productType = "com.apple.product-type.application";
		};
		F1B4BD7D2DFC4D5100826FC6 /* MutipleFrameworkAppTests */ = {
			isa = PBXNativeTarget;
			buildConfigurationList = F1B4BD842DFC4D5100826FC6 /* Build configuration list for PBXNativeTarget "MutipleFrameworkAppTests" */;
			buildPhases = (
				F1B4BD7A2DFC4D5100826FC6 /* Sources */,
				F1B4BD7B2DFC4D5100826FC6 /* Frameworks */,
				F1B4BD7C2DFC4D5100826FC6 /* Resources */,
			);
			buildRules = (
			);
			dependencies = (
				F1B4BD832DFC4D5100826FC6 /* PBXTargetDependency */,
			);
			fileSystemSynchronizedGroups = (
				F1B4BD7F2DFC4D5100826FC6 /* MutipleFrameworkAppTests */,
			);
			name = MutipleFrameworkAppTests;
			packageProductDependencies = (
			);
			productName = MutipleFrameworkAppTests;
			productReference = F1B4BD7E2DFC4D5100826FC6 /* MutipleFrameworkAppTests.xctest */;
			productType = "com.apple.product-type.bundle.unit-test";
		};
/* End PBXNativeTarget section */

/* Begin PBXProject section */
		F1043FA12D3D8EF000B96617 /* Project object */ = {
			isa = PBXProject;
			attributes = {
				BuildIndependentTargetsInParallel = 1;
				LastSwiftUpdateCheck = 1610;
				LastUpgradeCheck = 1540;
				TargetAttributes = {
					F1043FA82D3D8EF000B96617 = {
						CreatedOnToolsVersion = 15.4;
					};
					F1B4BD7D2DFC4D5100826FC6 = {
						CreatedOnToolsVersion = 16.1;
						TestTargetID = F1043FA82D3D8EF000B96617;
					};
				};
			};
			buildConfigurationList = F1043FA42D3D8EF000B96617 /* Build configuration list for PBXProject "MutipleFrameworkApp" */;
			compatibilityVersion = "Xcode 14.0";
			developmentRegion = en;
			hasScannedForEncodings = 0;
			knownRegions = (
				en,
				Base,
			);
			mainGroup = F1043FA02D3D8EF000B96617;
			productRefGroup = F1043FAA2D3D8EF000B96617 /* Products */;
			projectDirPath = "";
			projectReferences = (
				{
					ProductGroup = F17BD20D2DFAC95A00F2F0AC /* Products */;
					ProjectRef = F17BD20C2DFAC95A00F2F0AC /* frameworkOne.xcodeproj */;
				},
			);
			projectRoot = "";
			targets = (
				F1043FA82D3D8EF000B96617 /* MutipleFrameworkApp */,
				F1B4BD7D2DFC4D5100826FC6 /* MutipleFrameworkAppTests */,
			);
		};
/* End PBXProject section */

/* Begin PBXReferenceProxy section */
		F17BD2112DFAC95A00F2F0AC /* frameworkOne.framework */ = {
			isa = PBXReferenceProxy;
			fileType = wrapper.framework;
			path = frameworkOne.framework;
			remoteRef = F17BD2102DFAC95A00F2F0AC /* PBXContainerItemProxy */;
			sourceTree = BUILT_PRODUCTS_DIR;
		};
/* End PBXReferenceProxy section */

/* Begin PBXResourcesBuildPhase section */
		F1043FA72D3D8EF000B96617 /* Resources */ = {
			isa = PBXResourcesBuildPhase;
			buildActionMask = 2147483647;
			files = (
				F1043FB62D3D8EF200B96617 /* Assets.xcassets in Resources */,
				F1043FB92D3D8EF200B96617 /* Base in Resources */,
				F1043FB42D3D8EF000B96617 /* Base in Resources */,
			);
			runOnlyForDeploymentPostprocessing = 0;
		};
		F1B4BD7C2DFC4D5100826FC6 /* Resources */ = {
			isa = PBXResourcesBuildPhase;
			buildActionMask = 2147483647;
			files = (
			);
			runOnlyForDeploymentPostprocessing = 0;
		};
/* End PBXResourcesBuildPhase section */

/* Begin PBXSourcesBuildPhase section */
		F1043FA52D3D8EF000B96617 /* Sources */ = {
			isa = PBXSourcesBuildPhase;
			buildActionMask = 2147483647;
			files = (
				F1043FB12D3D8EF000B96617 /* ViewController.swift in Sources */,
				F1043FAD2D3D8EF000B96617 /* AppDelegate.swift in Sources */,
				F1043FAF2D3D8EF000B96617 /* SceneDelegate.swift in Sources */,
			);
			runOnlyForDeploymentPostprocessing = 0;
		};
		F1B4BD7A2DFC4D5100826FC6 /* Sources */ = {
			isa = PBXSourcesBuildPhase;
			buildActionMask = 2147483647;
			files = (
			);
			runOnlyForDeploymentPostprocessing = 0;
		};
/* End PBXSourcesBuildPhase section */

/* Begin PBXTargetDependency section */
		F1B4BD832DFC4D5100826FC6 /* PBXTargetDependency */ = {
			isa = PBXTargetDependency;
			target = F1043FA82D3D8EF000B96617 /* MutipleFrameworkApp */;
			targetProxy = F1B4BD822DFC4D5100826FC6 /* PBXContainerItemProxy */;
		};
/* End PBXTargetDependency section */

/* Begin PBXVariantGroup section */
		F1043FB22D3D8EF000B96617 /* Main.storyboard */ = {
			isa = PBXVariantGroup;
			children = (
				F1043FB32D3D8EF000B96617 /* Base */,
			);
			name = Main.storyboard;
			sourceTree = "<group>";
		};
		F1043FB72D3D8EF200B96617 /* LaunchScreen.storyboard */ = {
			isa = PBXVariantGroup;
			children = (
				F1043FB82D3D8EF200B96617 /* Base */,
			);
			name = LaunchScreen.storyboard;
			sourceTree = "<group>";
		};
/* End PBXVariantGroup section */

/* Begin XCBuildConfiguration section */
		F1043FBB2D3D8EF200B96617 /* Debug */ = {
			isa = XCBuildConfiguration;
			buildSettings = {
				ALWAYS_SEARCH_USER_PATHS = NO;
				ASSETCATALOG_COMPILER_GENERATE_SWIFT_ASSET_SYMBOL_EXTENSIONS = YES;
				CLANG_ANALYZER_NONNULL = YES;
				CLANG_ANALYZER_NUMBER_OBJECT_CONVERSION = YES_AGGRESSIVE;
				CLANG_CXX_LANGUAGE_STANDARD = "gnu++20";
				CLANG_ENABLE_MODULES = YES;
				CLANG_ENABLE_OBJC_ARC = YES;
				CLANG_ENABLE_OBJC_WEAK = YES;
				CLANG_WARN_BLOCK_CAPTURE_AUTORELEASING = YES;
				CLANG_WARN_BOOL_CONVERSION = YES;
				CLANG_WARN_COMMA = YES;
				CLANG_WARN_CONSTANT_CONVERSION = YES;
				CLANG_WARN_DEPRECATED_OBJC_IMPLEMENTATIONS = YES;
				CLANG_WARN_DIRECT_OBJC_ISA_USAGE = YES_ERROR;
				CLANG_WARN_DOCUMENTATION_COMMENTS = YES;
				CLANG_WARN_EMPTY_BODY = YES;
				CLANG_WARN_ENUM_CONVERSION = YES;
				CLANG_WARN_INFINITE_RECURSION = YES;
				CLANG_WARN_INT_CONVERSION = YES;
				CLANG_WARN_NON_LITERAL_NULL_CONVERSION = YES;
				CLANG_WARN_OBJC_IMPLICIT_RETAIN_SELF = YES;
				CLANG_WARN_OBJC_LITERAL_CONVERSION = YES;
				CLANG_WARN_OBJC_ROOT_CLASS = YES_ERROR;
				CLANG_WARN_QUOTED_INCLUDE_IN_FRAMEWORK_HEADER = YES;
				CLANG_WARN_RANGE_LOOP_ANALYSIS = YES;
				CLANG_WARN_STRICT_PROTOTYPES = YES;
				CLANG_WARN_SUSPICIOUS_MOVE = YES;
				CLANG_WARN_UNGUARDED_AVAILABILITY = YES_AGGRESSIVE;
				CLANG_WARN_UNREACHABLE_CODE = YES;
				CLANG_WARN__DUPLICATE_METHOD_MATCH = YES;
				COPY_PHASE_STRIP = NO;
				DEBUG_INFORMATION_FORMAT = dwarf;
				ENABLE_STRICT_OBJC_MSGSEND = YES;
				ENABLE_TESTABILITY = YES;
				ENABLE_USER_SCRIPT_SANDBOXING = YES;
				GCC_C_LANGUAGE_STANDARD = gnu17;
				GCC_DYNAMIC_NO_PIC = NO;
				GCC_NO_COMMON_BLOCKS = YES;
				GCC_OPTIMIZATION_LEVEL = 0;
				GCC_PREPROCESSOR_DEFINITIONS = (
					"DEBUG=1",
					"$(inherited)",
				);
				GCC_WARN_64_TO_32_BIT_CONVERSION = YES;
				GCC_WARN_ABOUT_RETURN_TYPE = YES_ERROR;
				GCC_WARN_UNDECLARED_SELECTOR = YES;
				GCC_WARN_UNINITIALIZED_AUTOS = YES_AGGRESSIVE;
				GCC_WARN_UNUSED_FUNCTION = YES;
				GCC_WARN_UNUSED_VARIABLE = YES;
				IPHONEOS_DEPLOYMENT_TARGET = 17.5;
				LOCALIZATION_PREFERS_STRING_CATALOGS = YES;
				MTL_ENABLE_DEBUG_INFO = INCLUDE_SOURCE;
				MTL_FAST_MATH = YES;
				ONLY_ACTIVE_ARCH = YES;
				SDKROOT = iphoneos;
				SWIFT_ACTIVE_COMPILATION_CONDITIONS = "DEBUG $(inherited)";
				SWIFT_OPTIMIZATION_LEVEL = "-Onone";
			};
			name = Debug;
		};
		F1043FBC2D3D8EF200B96617 /* Release */ = {
			isa = XCBuildConfiguration;
			buildSettings = {
				ALWAYS_SEARCH_USER_PATHS = NO;
				ASSETCATALOG_COMPILER_GENERATE_SWIFT_ASSET_SYMBOL_EXTENSIONS = YES;
				CLANG_ANALYZER_NONNULL = YES;
				CLANG_ANALYZER_NUMBER_OBJECT_CONVERSION = YES_AGGRESSIVE;
				CLANG_CXX_LANGUAGE_STANDARD = "gnu++20";
				CLANG_ENABLE_MODULES = YES;
				CLANG_ENABLE_OBJC_ARC = YES;
				CLANG_ENABLE_OBJC_WEAK = YES;
				CLANG_WARN_BLOCK_CAPTURE_AUTORELEASING = YES;
				CLANG_WARN_BOOL_CONVERSION = YES;
				CLANG_WARN_COMMA = YES;
				CLANG_WARN_CONSTANT_CONVERSION = YES;
				CLANG_WARN_DEPRECATED_OBJC_IMPLEMENTATIONS = YES;
				CLANG_WARN_DIRECT_OBJC_ISA_USAGE = YES_ERROR;
				CLANG_WARN_DOCUMENTATION_COMMENTS = YES;
				CLANG_WARN_EMPTY_BODY = YES;
				CLANG_WARN_ENUM_CONVERSION = YES;
				CLANG_WARN_INFINITE_RECURSION = YES;
				CLANG_WARN_INT_CONVERSION = YES;
				CLANG_WARN_NON_LITERAL_NULL_CONVERSION = YES;
				CLANG_WARN_OBJC_IMPLICIT_RETAIN_SELF = YES;
				CLANG_WARN_OBJC_LITERAL_CONVERSION = YES;
				CLANG_WARN_OBJC_ROOT_CLASS = YES_ERROR;
				CLANG_WARN_QUOTED_INCLUDE_IN_FRAMEWORK_HEADER = YES;
				CLANG_WARN_RANGE_LOOP_ANALYSIS = YES;
				CLANG_WARN_STRICT_PROTOTYPES = YES;
				CLANG_WARN_SUSPICIOUS_MOVE = YES;
				CLANG_WARN_UNGUARDED_AVAILABILITY = YES_AGGRESSIVE;
				CLANG_WARN_UNREACHABLE_CODE = YES;
				CLANG_WARN__DUPLICATE_METHOD_MATCH = YES;
				COPY_PHASE_STRIP = NO;
				DEBUG_INFORMATION_FORMAT = "dwarf-with-dsym";
				ENABLE_NS_ASSERTIONS = NO;
				ENABLE_STRICT_OBJC_MSGSEND = YES;
				ENABLE_USER_SCRIPT_SANDBOXING = YES;
				GCC_C_LANGUAGE_STANDARD = gnu17;
				GCC_NO_COMMON_BLOCKS = YES;
				GCC_WARN_64_TO_32_BIT_CONVERSION = YES;
				GCC_WARN_ABOUT_RETURN_TYPE = YES_ERROR;
				GCC_WARN_UNDECLARED_SELECTOR = YES;
				GCC_WARN_UNINITIALIZED_AUTOS = YES_AGGRESSIVE;
				GCC_WARN_UNUSED_FUNCTION = YES;
				GCC_WARN_UNUSED_VARIABLE = YES;
				IPHONEOS_DEPLOYMENT_TARGET = 17.5;
				LOCALIZATION_PREFERS_STRING_CATALOGS = YES;
				MTL_ENABLE_DEBUG_INFO = NO;
				MTL_FAST_MATH = YES;
				SDKROOT = iphoneos;
				SWIFT_COMPILATION_MODE = wholemodule;
				VALIDATE_PRODUCT = YES;
			};
			name = Release;
		};
		F1043FBE2D3D8EF200B96617 /* Debug */ = {
			isa = XCBuildConfiguration;
			buildSettings = {
				ASSETCATALOG_COMPILER_APPICON_NAME = AppIcon;
				ASSETCATALOG_COMPILER_GLOBAL_ACCENT_COLOR_NAME = AccentColor;
				CODE_SIGN_IDENTITY = "Apple Development";
				CODE_SIGN_STYLE = Automatic;
				CURRENT_PROJECT_VERSION = 1;
				DEVELOPMENT_TEAM = "";
				FRAMEWORK_SEARCH_PATHS = (
					"$(inherited)",
					"$(PROJECT_DIR)/MutipleFrameworkApp/Modules",
				);
				GENERATE_INFOPLIST_FILE = YES;
				INFOPLIST_FILE = MutipleFrameworkApp/Info.plist;
				INFOPLIST_KEY_UIApplicationSupportsIndirectInputEvents = YES;
				INFOPLIST_KEY_UILaunchStoryboardName = LaunchScreen;
				INFOPLIST_KEY_UIMainStoryboardFile = Main;
				INFOPLIST_KEY_UISupportedInterfaceOrientations_iPad = "UIInterfaceOrientationPortrait UIInterfaceOrientationPortraitUpsideDown UIInterfaceOrientationLandscapeLeft UIInterfaceOrientationLandscapeRight";
				INFOPLIST_KEY_UISupportedInterfaceOrientations_iPhone = "UIInterfaceOrientationPortrait UIInterfaceOrientationLandscapeLeft UIInterfaceOrientationLandscapeRight";
				IPHONEOS_DEPLOYMENT_TARGET = 17.6;
				LD_RUNPATH_SEARCH_PATHS = (
					"$(inherited)",
					"@executable_path/Frameworks",
				);
				MARKETING_VERSION = 1.0;
				MERGEABLE_LIBRARY = NO;
				MERGED_BINARY_TYPE = none;
				PRODUCT_BUNDLE_IDENTIFIER = "com.telekom-digital.MutipleFrameworkApp";
				PRODUCT_NAME = "$(TARGET_NAME)";
				PROVISIONING_PROFILE_SPECIFIER = "";
				SWIFT_EMIT_LOC_STRINGS = YES;
				SWIFT_VERSION = 5.0;
				TARGETED_DEVICE_FAMILY = "1,2";
			};
			name = Debug;
		};
		F1043FBF2D3D8EF200B96617 /* Release */ = {
			isa = XCBuildConfiguration;
			buildSettings = {
				ASSETCATALOG_COMPILER_APPICON_NAME = AppIcon;
				ASSETCATALOG_COMPILER_GLOBAL_ACCENT_COLOR_NAME = AccentColor;
				CODE_SIGN_IDENTITY = "Apple Development";
				CODE_SIGN_STYLE = Automatic;
				CURRENT_PROJECT_VERSION = 1;
				DEVELOPMENT_TEAM = "";
				FRAMEWORK_SEARCH_PATHS = (
					"$(inherited)",
					"$(PROJECT_DIR)/MutipleFrameworkApp/Modules",
				);
				GENERATE_INFOPLIST_FILE = YES;
				INFOPLIST_FILE = MutipleFrameworkApp/Info.plist;
				INFOPLIST_KEY_UIApplicationSupportsIndirectInputEvents = YES;
				INFOPLIST_KEY_UILaunchStoryboardName = LaunchScreen;
				INFOPLIST_KEY_UIMainStoryboardFile = Main;
				INFOPLIST_KEY_UISupportedInterfaceOrientations_iPad = "UIInterfaceOrientationPortrait UIInterfaceOrientationPortraitUpsideDown UIInterfaceOrientationLandscapeLeft UIInterfaceOrientationLandscapeRight";
				INFOPLIST_KEY_UISupportedInterfaceOrientations_iPhone = "UIInterfaceOrientationPortrait UIInterfaceOrientationLandscapeLeft UIInterfaceOrientationLandscapeRight";
				IPHONEOS_DEPLOYMENT_TARGET = 17.6;
				LD_RUNPATH_SEARCH_PATHS = (
					"$(inherited)",
					"@executable_path/Frameworks",
				);
				MARKETING_VERSION = 1.0;
				MERGEABLE_LIBRARY = NO;
				MERGED_BINARY_TYPE = none;
				PRODUCT_BUNDLE_IDENTIFIER = "com.telekom-digital.MutipleFrameworkApp";
				PRODUCT_NAME = "$(TARGET_NAME)";
				PROVISIONING_PROFILE_SPECIFIER = "";
				SWIFT_EMIT_LOC_STRINGS = YES;
				SWIFT_VERSION = 5.0;
				TARGETED_DEVICE_FAMILY = "1,2";
			};
			name = Release;
		};
		F1B4BD852DFC4D5100826FC6 /* Debug */ = {
			isa = XCBuildConfiguration;
			buildSettings = {
				BUNDLE_LOADER = "$(TEST_HOST)";
				CODE_SIGN_STYLE = Automatic;
				CURRENT_PROJECT_VERSION = 1;
				GENERATE_INFOPLIST_FILE = YES;
				IPHONEOS_DEPLOYMENT_TARGET = 17.6;
				MARKETING_VERSION = 1.0;
				PRODUCT_BUNDLE_IDENTIFIER = "com.telekom-digital.MutipleFrameworkAppTests";
				PRODUCT_NAME = "$(TARGET_NAME)";
				SWIFT_EMIT_LOC_STRINGS = NO;
				SWIFT_VERSION = 5.0;
				TARGETED_DEVICE_FAMILY = "1,2";
				TEST_HOST = "$(BUILT_PRODUCTS_DIR)/MutipleFrameworkApp.app/$(BUNDLE_EXECUTABLE_FOLDER_PATH)/MutipleFrameworkApp";
			};
			name = Debug;
		};
		F1B4BD862DFC4D5100826FC6 /* Release */ = {
			isa = XCBuildConfiguration;
			buildSettings = {
				BUNDLE_LOADER = "$(TEST_HOST)";
				CODE_SIGN_STYLE = Automatic;
				CURRENT_PROJECT_VERSION = 1;
				GENERATE_INFOPLIST_FILE = YES;
				IPHONEOS_DEPLOYMENT_TARGET = 17.6;
				MARKETING_VERSION = 1.0;
				PRODUCT_BUNDLE_IDENTIFIER = "com.telekom-digital.MutipleFrameworkAppTests";
				PRODUCT_NAME = "$(TARGET_NAME)";
				SWIFT_EMIT_LOC_STRINGS = NO;
				SWIFT_VERSION = 5.0;
				TARGETED_DEVICE_FAMILY = "1,2";
				TEST_HOST = "$(BUILT_PRODUCTS_DIR)/MutipleFrameworkApp.app/$(BUNDLE_EXECUTABLE_FOLDER_PATH)/MutipleFrameworkApp";
			};
			name = Release;
		};
/* End XCBuildConfiguration section */

/* Begin XCConfigurationList section */
		F1043FA42D3D8EF000B96617 /* Build configuration list for PBXProject "MutipleFrameworkApp" */ = {
			isa = XCConfigurationList;
			buildConfigurations = (
				F1043FBB2D3D8EF200B96617 /* Debug */,
				F1043FBC2D3D8EF200B96617 /* Release */,
			);
			defaultConfigurationIsVisible = 0;
			defaultConfigurationName = Release;
		};
		F1043FBD2D3D8EF200B96617 /* Build configuration list for PBXNativeTarget "MutipleFrameworkApp" */ = {
			isa = XCConfigurationList;
			buildConfigurations = (
				F1043FBE2D3D8EF200B96617 /* Debug */,
				F1043FBF2D3D8EF200B96617 /* Release */,
			);
			defaultConfigurationIsVisible = 0;
			defaultConfigurationName = Release;
		};
		F1B4BD842DFC4D5100826FC6 /* Build configuration list for PBXNativeTarget "MutipleFrameworkAppTests" */ = {
			isa = XCConfigurationList;
			buildConfigurations = (
				F1B4BD852DFC4D5100826FC6 /* Debug */,
				F1B4BD862DFC4D5100826FC6 /* Release */,
			);
			defaultConfigurationIsVisible = 0;
			defaultConfigurationName = Release;
		};
/* End XCConfigurationList section */
	};
	rootObject = F1043FA12D3D8EF000B96617 /* Project object */;
}
